// !$*UTF8*$!
{
	archiveVersion = 1;
	classes = {
	};
	objectVersion = 56;
	objects = {

/* Begin PBXBuildFile section */
		BB0F451F2994354F0041E8A5 /* NFCPassportModel.swift in Sources */ = {isa = PBXBuildFile; fileRef = BB0F451E2994354F0041E8A5 /* NFCPassportModel.swift */; };
		BB0F4521299435970041E8A5 /* Logging.swift in Sources */ = {isa = PBXBuildFile; fileRef = BB0F4520299435970041E8A5 /* Logging.swift */; };
		BB0F45242998CE0B0041E8A5 /* DataGroup.swift in Sources */ = {isa = PBXBuildFile; fileRef = BB0F45232998CE0B0041E8A5 /* DataGroup.swift */; };
		BB0F45262998CE3F0041E8A5 /* DataGroupId.swift in Sources */ = {isa = PBXBuildFile; fileRef = BB0F45252998CE3F0041E8A5 /* DataGroupId.swift */; };
		BB0F45282998D0290041E8A5 /* NFCPassportReaderError.swift in Sources */ = {isa = PBXBuildFile; fileRef = BB0F45272998D0290041E8A5 /* NFCPassportReaderError.swift */; };
		BB0F452A2998D0800041E8A5 /* Utils.swift in Sources */ = {isa = PBXBuildFile; fileRef = BB0F45292998D0800041E8A5 /* Utils.swift */; };
		BB0F452C2998D0BF0041E8A5 /* NFCDisplayMessage.swift in Sources */ = {isa = PBXBuildFile; fileRef = BB0F452B2998D0BF0041E8A5 /* NFCDisplayMessage.swift */; };
		BB0F452E2998D0F30041E8A5 /* DataGroup11.swift in Sources */ = {isa = PBXBuildFile; fileRef = BB0F452D2998D0F30041E8A5 /* DataGroup11.swift */; };
		BB0F45302998D1EC0041E8A5 /* SecureMessaging.swift in Sources */ = {isa = PBXBuildFile; fileRef = BB0F452F2998D1EC0041E8A5 /* SecureMessaging.swift */; };
		BB0F45322998D2060041E8A5 /* BACHandler.swift in Sources */ = {isa = PBXBuildFile; fileRef = BB0F45312998D2060041E8A5 /* BACHandler.swift */; };
		BB0F45342998D22F0041E8A5 /* SecureMessagingSessionKeyGenerator.swift in Sources */ = {isa = PBXBuildFile; fileRef = BB0F45332998D22F0041E8A5 /* SecureMessagingSessionKeyGenerator.swift */; };
		BB0F45362998D25B0041E8A5 /* 3DES_DESEncryption.swift in Sources */ = {isa = PBXBuildFile; fileRef = BB0F45352998D25B0041E8A5 /* 3DES_DESEncryption.swift */; };
		BB0F45382998D2790041E8A5 /* ResponseAPDU.swift in Sources */ = {isa = PBXBuildFile; fileRef = BB0F45372998D2790041E8A5 /* ResponseAPDU.swift */; };
		BB0F453A2998D9360041E8A5 /* ChipAuthenticationHandler.swift in Sources */ = {isa = PBXBuildFile; fileRef = BB0F45392998D9360041E8A5 /* ChipAuthenticationHandler.swift */; };
		BB0F453D2998DA030041E8A5 /* OpenSSL in Frameworks */ = {isa = PBXBuildFile; productRef = BB0F453C2998DA030041E8A5 /* OpenSSL */; };
		BB0F453F2998DA6D0041E8A5 /* PACEHandler.swift in Sources */ = {isa = PBXBuildFile; fileRef = BB0F453E2998DA6D0041E8A5 /* PACEHandler.swift */; };
		BB0F45412998DA8E0041E8A5 /* CardAccess.swift in Sources */ = {isa = PBXBuildFile; fileRef = BB0F45402998DA8E0041E8A5 /* CardAccess.swift */; };
		BB0F45432998DB320041E8A5 /* PACEInfo.swift in Sources */ = {isa = PBXBuildFile; fileRef = BB0F45422998DB320041E8A5 /* PACEInfo.swift */; };
		BB0F45452998DBBD0041E8A5 /* SecurityInfo.swift in Sources */ = {isa = PBXBuildFile; fileRef = BB0F45442998DBBD0041E8A5 /* SecurityInfo.swift */; };
		BB0F45472998DC0A0041E8A5 /* ASN1Item.swift in Sources */ = {isa = PBXBuildFile; fileRef = BB0F45462998DC0A0041E8A5 /* ASN1Item.swift */; };
		BB0F45492998DC220041E8A5 /* ChipAuthenticationInfo.swift in Sources */ = {isa = PBXBuildFile; fileRef = BB0F45482998DC220041E8A5 /* ChipAuthenticationInfo.swift */; };
		BB0F454B2998DC3D0041E8A5 /* ChipAuthenticationPublicKeyInfo.swift in Sources */ = {isa = PBXBuildFile; fileRef = BB0F454A2998DC3D0041E8A5 /* ChipAuthenticationPublicKeyInfo.swift */; };
		BB0F454D2998DC560041E8A5 /* COM.swift in Sources */ = {isa = PBXBuildFile; fileRef = BB0F454C2998DC560041E8A5 /* COM.swift */; };
		BB0F454F2998DC760041E8A5 /* DataGroup14.swift in Sources */ = {isa = PBXBuildFile; fileRef = BB0F454E2998DC760041E8A5 /* DataGroup14.swift */; };
		BB0F45512998DC980041E8A5 /* X509Wrapper.swift in Sources */ = {isa = PBXBuildFile; fileRef = BB0F45502998DC980041E8A5 /* X509Wrapper.swift */; };
		BB0F45532998DCC20041E8A5 /* DataGroupHashes.swift in Sources */ = {isa = PBXBuildFile; fileRef = BB0F45522998DCC20041E8A5 /* DataGroupHashes.swift */; };
		BB0F45552998DD390041E8A5 /* DataGroup1.swift in Sources */ = {isa = PBXBuildFile; fileRef = BB0F45542998DD390041E8A5 /* DataGroup1.swift */; };
		BB0F45572998DD420041E8A5 /* DataGroup15.swift in Sources */ = {isa = PBXBuildFile; fileRef = BB0F45562998DD420041E8A5 /* DataGroup15.swift */; };
		BB0F45592998DD830041E8A5 /* OpenSSLUtils.swift in Sources */ = {isa = PBXBuildFile; fileRef = BB0F45582998DD830041E8A5 /* OpenSSLUtils.swift */; };
		BB0F455B2998DD9A0041E8A5 /* SOD.swift in Sources */ = {isa = PBXBuildFile; fileRef = BB0F455A2998DD9A0041E8A5 /* SOD.swift */; };
		BB0F455D2998DDB40041E8A5 /* DataGroupParser.swift in Sources */ = {isa = PBXBuildFile; fileRef = BB0F455C2998DDB40041E8A5 /* DataGroupParser.swift */; };
		BB0F455F2998DDCC0041E8A5 /* DataGroup2.swift in Sources */ = {isa = PBXBuildFile; fileRef = BB0F455E2998DDCC0041E8A5 /* DataGroup2.swift */; };
		BB0F45612998DDEF0041E8A5 /* DataGroup7.swift in Sources */ = {isa = PBXBuildFile; fileRef = BB0F45602998DDEF0041E8A5 /* DataGroup7.swift */; };
		BB0F45632998DE060041E8A5 /* NotImplementedDG.swift in Sources */ = {isa = PBXBuildFile; fileRef = BB0F45622998DE060041E8A5 /* NotImplementedDG.swift */; };
		BB0F45652998DE190041E8A5 /* DataGroup12.swift in Sources */ = {isa = PBXBuildFile; fileRef = BB0F45642998DE190041E8A5 /* DataGroup12.swift */; };
		BB0F45672998DE2C0041E8A5 /* ActiveAuthenticationInfo.swift in Sources */ = {isa = PBXBuildFile; fileRef = BB0F45662998DE2C0041E8A5 /* ActiveAuthenticationInfo.swift */; };
		BB0F4569299911F30041E8A5 /* CardListViewModel.swift in Sources */ = {isa = PBXBuildFile; fileRef = BB0F4568299911F30041E8A5 /* CardListViewModel.swift */; };
		BB46AAEE2966B3AB000111C8 /* NFCApp.swift in Sources */ = {isa = PBXBuildFile; fileRef = BB46AAED2966B3AB000111C8 /* NFCApp.swift */; };
		BB46AAF22966B3AD000111C8 /* Assets.xcassets in Resources */ = {isa = PBXBuildFile; fileRef = BB46AAF12966B3AD000111C8 /* Assets.xcassets */; };
		BB46AAF62966B3AD000111C8 /* Preview Assets.xcassets in Resources */ = {isa = PBXBuildFile; fileRef = BB46AAF52966B3AD000111C8 /* Preview Assets.xcassets */; };
		BB46AB002966B3AD000111C8 /* NFCTests.swift in Sources */ = {isa = PBXBuildFile; fileRef = BB46AAFF2966B3AD000111C8 /* NFCTests.swift */; };
		BB46AB0A2966B3AD000111C8 /* NFCUITests.swift in Sources */ = {isa = PBXBuildFile; fileRef = BB46AB092966B3AD000111C8 /* NFCUITests.swift */; };
		BB46AB0C2966B3AD000111C8 /* NFCUITestsLaunchTests.swift in Sources */ = {isa = PBXBuildFile; fileRef = BB46AB0B2966B3AD000111C8 /* NFCUITestsLaunchTests.swift */; };
		BB46AB192966B55E000111C8 /* PassportReader.swift in Sources */ = {isa = PBXBuildFile; fileRef = BB46AB182966B55E000111C8 /* PassportReader.swift */; };
		BB46AB1B2966B56B000111C8 /* CardListView.swift in Sources */ = {isa = PBXBuildFile; fileRef = BB46AB1A2966B56B000111C8 /* CardListView.swift */; };
		BBE270F7297DBE4A00A6EE1A /* TagReader.swift in Sources */ = {isa = PBXBuildFile; fileRef = BBE270F6297DBE4A00A6EE1A /* TagReader.swift */; };
/* End PBXBuildFile section */

/* Begin PBXContainerItemProxy section */
		BB46AAFC2966B3AD000111C8 /* PBXContainerItemProxy */ = {
			isa = PBXContainerItemProxy;
			containerPortal = BB46AAE22966B3AB000111C8 /* Project object */;
			proxyType = 1;
			remoteGlobalIDString = BB46AAE92966B3AB000111C8;
			remoteInfo = NFC;
		};
		BB46AB062966B3AD000111C8 /* PBXContainerItemProxy */ = {
			isa = PBXContainerItemProxy;
			containerPortal = BB46AAE22966B3AB000111C8 /* Project object */;
			proxyType = 1;
			remoteGlobalIDString = BB46AAE92966B3AB000111C8;
			remoteInfo = NFC;
		};
/* End PBXContainerItemProxy section */

/* Begin PBXFileReference section */
		BB0F451E2994354F0041E8A5 /* NFCPassportModel.swift */ = {isa = PBXFileReference; lastKnownFileType = sourcecode.swift; path = NFCPassportModel.swift; sourceTree = "<group>"; };
		BB0F4520299435970041E8A5 /* Logging.swift */ = {isa = PBXFileReference; lastKnownFileType = sourcecode.swift; path = Logging.swift; sourceTree = "<group>"; };
		BB0F45232998CE0B0041E8A5 /* DataGroup.swift */ = {isa = PBXFileReference; lastKnownFileType = sourcecode.swift; path = DataGroup.swift; sourceTree = "<group>"; };
		BB0F45252998CE3F0041E8A5 /* DataGroupId.swift */ = {isa = PBXFileReference; lastKnownFileType = sourcecode.swift; path = DataGroupId.swift; sourceTree = "<group>"; };
		BB0F45272998D0290041E8A5 /* NFCPassportReaderError.swift */ = {isa = PBXFileReference; lastKnownFileType = sourcecode.swift; path = NFCPassportReaderError.swift; sourceTree = "<group>"; };
		BB0F45292998D0800041E8A5 /* Utils.swift */ = {isa = PBXFileReference; lastKnownFileType = sourcecode.swift; path = Utils.swift; sourceTree = "<group>"; };
		BB0F452B2998D0BF0041E8A5 /* NFCDisplayMessage.swift */ = {isa = PBXFileReference; lastKnownFileType = sourcecode.swift; path = NFCDisplayMessage.swift; sourceTree = "<group>"; };
		BB0F452D2998D0F30041E8A5 /* DataGroup11.swift */ = {isa = PBXFileReference; lastKnownFileType = sourcecode.swift; path = DataGroup11.swift; sourceTree = "<group>"; };
		BB0F452F2998D1EC0041E8A5 /* SecureMessaging.swift */ = {isa = PBXFileReference; lastKnownFileType = sourcecode.swift; path = SecureMessaging.swift; sourceTree = "<group>"; };
		BB0F45312998D2060041E8A5 /* BACHandler.swift */ = {isa = PBXFileReference; lastKnownFileType = sourcecode.swift; path = BACHandler.swift; sourceTree = "<group>"; };
		BB0F45332998D22F0041E8A5 /* SecureMessagingSessionKeyGenerator.swift */ = {isa = PBXFileReference; lastKnownFileType = sourcecode.swift; path = SecureMessagingSessionKeyGenerator.swift; sourceTree = "<group>"; };
		BB0F45352998D25B0041E8A5 /* 3DES_DESEncryption.swift */ = {isa = PBXFileReference; lastKnownFileType = sourcecode.swift; path = 3DES_DESEncryption.swift; sourceTree = "<group>"; };
		BB0F45372998D2790041E8A5 /* ResponseAPDU.swift */ = {isa = PBXFileReference; lastKnownFileType = sourcecode.swift; path = ResponseAPDU.swift; sourceTree = "<group>"; };
		BB0F45392998D9360041E8A5 /* ChipAuthenticationHandler.swift */ = {isa = PBXFileReference; lastKnownFileType = sourcecode.swift; path = ChipAuthenticationHandler.swift; sourceTree = "<group>"; };
		BB0F453E2998DA6D0041E8A5 /* PACEHandler.swift */ = {isa = PBXFileReference; lastKnownFileType = sourcecode.swift; path = PACEHandler.swift; sourceTree = "<group>"; };
		BB0F45402998DA8E0041E8A5 /* CardAccess.swift */ = {isa = PBXFileReference; lastKnownFileType = sourcecode.swift; path = CardAccess.swift; sourceTree = "<group>"; };
		BB0F45422998DB320041E8A5 /* PACEInfo.swift */ = {isa = PBXFileReference; lastKnownFileType = sourcecode.swift; path = PACEInfo.swift; sourceTree = "<group>"; };
		BB0F45442998DBBD0041E8A5 /* SecurityInfo.swift */ = {isa = PBXFileReference; lastKnownFileType = sourcecode.swift; path = SecurityInfo.swift; sourceTree = "<group>"; };
		BB0F45462998DC0A0041E8A5 /* ASN1Item.swift */ = {isa = PBXFileReference; lastKnownFileType = sourcecode.swift; path = ASN1Item.swift; sourceTree = "<group>"; };
		BB0F45482998DC220041E8A5 /* ChipAuthenticationInfo.swift */ = {isa = PBXFileReference; lastKnownFileType = sourcecode.swift; path = ChipAuthenticationInfo.swift; sourceTree = "<group>"; };
		BB0F454A2998DC3D0041E8A5 /* ChipAuthenticationPublicKeyInfo.swift */ = {isa = PBXFileReference; lastKnownFileType = sourcecode.swift; path = ChipAuthenticationPublicKeyInfo.swift; sourceTree = "<group>"; };
		BB0F454C2998DC560041E8A5 /* COM.swift */ = {isa = PBXFileReference; lastKnownFileType = sourcecode.swift; path = COM.swift; sourceTree = "<group>"; };
		BB0F454E2998DC760041E8A5 /* DataGroup14.swift */ = {isa = PBXFileReference; lastKnownFileType = sourcecode.swift; path = DataGroup14.swift; sourceTree = "<group>"; };
		BB0F45502998DC980041E8A5 /* X509Wrapper.swift */ = {isa = PBXFileReference; lastKnownFileType = sourcecode.swift; path = X509Wrapper.swift; sourceTree = "<group>"; };
		BB0F45522998DCC20041E8A5 /* DataGroupHashes.swift */ = {isa = PBXFileReference; lastKnownFileType = sourcecode.swift; path = DataGroupHashes.swift; sourceTree = "<group>"; };
		BB0F45542998DD390041E8A5 /* DataGroup1.swift */ = {isa = PBXFileReference; lastKnownFileType = sourcecode.swift; path = DataGroup1.swift; sourceTree = "<group>"; };
		BB0F45562998DD420041E8A5 /* DataGroup15.swift */ = {isa = PBXFileReference; lastKnownFileType = sourcecode.swift; path = DataGroup15.swift; sourceTree = "<group>"; };
		BB0F45582998DD830041E8A5 /* OpenSSLUtils.swift */ = {isa = PBXFileReference; lastKnownFileType = sourcecode.swift; path = OpenSSLUtils.swift; sourceTree = "<group>"; };
		BB0F455A2998DD9A0041E8A5 /* SOD.swift */ = {isa = PBXFileReference; lastKnownFileType = sourcecode.swift; path = SOD.swift; sourceTree = "<group>"; };
		BB0F455C2998DDB40041E8A5 /* DataGroupParser.swift */ = {isa = PBXFileReference; lastKnownFileType = sourcecode.swift; path = DataGroupParser.swift; sourceTree = "<group>"; };
		BB0F455E2998DDCC0041E8A5 /* DataGroup2.swift */ = {isa = PBXFileReference; lastKnownFileType = sourcecode.swift; path = DataGroup2.swift; sourceTree = "<group>"; };
		BB0F45602998DDEF0041E8A5 /* DataGroup7.swift */ = {isa = PBXFileReference; lastKnownFileType = sourcecode.swift; path = DataGroup7.swift; sourceTree = "<group>"; };
		BB0F45622998DE060041E8A5 /* NotImplementedDG.swift */ = {isa = PBXFileReference; lastKnownFileType = sourcecode.swift; path = NotImplementedDG.swift; sourceTree = "<group>"; };
		BB0F45642998DE190041E8A5 /* DataGroup12.swift */ = {isa = PBXFileReference; lastKnownFileType = sourcecode.swift; path = DataGroup12.swift; sourceTree = "<group>"; };
		BB0F45662998DE2C0041E8A5 /* ActiveAuthenticationInfo.swift */ = {isa = PBXFileReference; lastKnownFileType = sourcecode.swift; path = ActiveAuthenticationInfo.swift; sourceTree = "<group>"; };
		BB0F4568299911F30041E8A5 /* CardListViewModel.swift */ = {isa = PBXFileReference; lastKnownFileType = sourcecode.swift; path = CardListViewModel.swift; sourceTree = "<group>"; };
		BB0F456A299918C60041E8A5 /* Info.plist */ = {isa = PBXFileReference; lastKnownFileType = text.plist; path = Info.plist; sourceTree = "<group>"; };
		BB46AAEA2966B3AB000111C8 /* NFC.app */ = {isa = PBXFileReference; explicitFileType = wrapper.application; includeInIndex = 0; path = NFC.app; sourceTree = BUILT_PRODUCTS_DIR; };
		BB46AAED2966B3AB000111C8 /* NFCApp.swift */ = {isa = PBXFileReference; lastKnownFileType = sourcecode.swift; path = NFCApp.swift; sourceTree = "<group>"; };
		BB46AAF12966B3AD000111C8 /* Assets.xcassets */ = {isa = PBXFileReference; lastKnownFileType = folder.assetcatalog; path = Assets.xcassets; sourceTree = "<group>"; };
		BB46AAF52966B3AD000111C8 /* Preview Assets.xcassets */ = {isa = PBXFileReference; lastKnownFileType = folder.assetcatalog; path = "Preview Assets.xcassets"; sourceTree = "<group>"; };
		BB46AAFB2966B3AD000111C8 /* NFCTests.xctest */ = {isa = PBXFileReference; explicitFileType = wrapper.cfbundle; includeInIndex = 0; path = NFCTests.xctest; sourceTree = BUILT_PRODUCTS_DIR; };
		BB46AAFF2966B3AD000111C8 /* NFCTests.swift */ = {isa = PBXFileReference; lastKnownFileType = sourcecode.swift; path = NFCTests.swift; sourceTree = "<group>"; };
		BB46AB052966B3AD000111C8 /* NFCUITests.xctest */ = {isa = PBXFileReference; explicitFileType = wrapper.cfbundle; includeInIndex = 0; path = NFCUITests.xctest; sourceTree = BUILT_PRODUCTS_DIR; };
		BB46AB092966B3AD000111C8 /* NFCUITests.swift */ = {isa = PBXFileReference; lastKnownFileType = sourcecode.swift; path = NFCUITests.swift; sourceTree = "<group>"; };
		BB46AB0B2966B3AD000111C8 /* NFCUITestsLaunchTests.swift */ = {isa = PBXFileReference; lastKnownFileType = sourcecode.swift; path = NFCUITestsLaunchTests.swift; sourceTree = "<group>"; };
		BB46AB182966B55E000111C8 /* PassportReader.swift */ = {isa = PBXFileReference; lastKnownFileType = sourcecode.swift; path = PassportReader.swift; sourceTree = "<group>"; };
		BB46AB1A2966B56B000111C8 /* CardListView.swift */ = {isa = PBXFileReference; lastKnownFileType = sourcecode.swift; path = CardListView.swift; sourceTree = "<group>"; };
		BBE270F6297DBE4A00A6EE1A /* TagReader.swift */ = {isa = PBXFileReference; lastKnownFileType = sourcecode.swift; path = TagReader.swift; sourceTree = "<group>"; };
/* End PBXFileReference section */

/* Begin PBXFrameworksBuildPhase section */
		BB46AAE72966B3AB000111C8 /* Frameworks */ = {
			isa = PBXFrameworksBuildPhase;
			buildActionMask = 2147483647;
			files = (
				BB0F453D2998DA030041E8A5 /* OpenSSL in Frameworks */,
			);
			runOnlyForDeploymentPostprocessing = 0;
		};
		BB46AAF82966B3AD000111C8 /* Frameworks */ = {
			isa = PBXFrameworksBuildPhase;
			buildActionMask = 2147483647;
			files = (
			);
			runOnlyForDeploymentPostprocessing = 0;
		};
		BB46AB022966B3AD000111C8 /* Frameworks */ = {
			isa = PBXFrameworksBuildPhase;
			buildActionMask = 2147483647;
			files = (
			);
			runOnlyForDeploymentPostprocessing = 0;
		};
/* End PBXFrameworksBuildPhase section */

/* Begin PBXGroup section */
		BB0F45222998CDF70041E8A5 /* NFCReaderUtilities */ = {
			isa = PBXGroup;
			children = (
				BB0F45232998CE0B0041E8A5 /* DataGroup.swift */,
				BB0F45252998CE3F0041E8A5 /* DataGroupId.swift */,
				BB0F45272998D0290041E8A5 /* NFCPassportReaderError.swift */,
				BB0F45292998D0800041E8A5 /* Utils.swift */,
				BB0F452B2998D0BF0041E8A5 /* NFCDisplayMessage.swift */,
				BB0F452D2998D0F30041E8A5 /* DataGroup11.swift */,
				BB0F452F2998D1EC0041E8A5 /* SecureMessaging.swift */,
				BB0F45312998D2060041E8A5 /* BACHandler.swift */,
				BB0F45332998D22F0041E8A5 /* SecureMessagingSessionKeyGenerator.swift */,
				BB0F45352998D25B0041E8A5 /* 3DES_DESEncryption.swift */,
				BB0F45372998D2790041E8A5 /* ResponseAPDU.swift */,
				BB0F45392998D9360041E8A5 /* ChipAuthenticationHandler.swift */,
				BB0F453E2998DA6D0041E8A5 /* PACEHandler.swift */,
				BB0F45402998DA8E0041E8A5 /* CardAccess.swift */,
				BB0F45422998DB320041E8A5 /* PACEInfo.swift */,
				BB0F45442998DBBD0041E8A5 /* SecurityInfo.swift */,
				BB0F45462998DC0A0041E8A5 /* ASN1Item.swift */,
				BB0F45482998DC220041E8A5 /* ChipAuthenticationInfo.swift */,
				BB0F454A2998DC3D0041E8A5 /* ChipAuthenticationPublicKeyInfo.swift */,
				BB0F454C2998DC560041E8A5 /* COM.swift */,
				BB0F454E2998DC760041E8A5 /* DataGroup14.swift */,
				BB0F45502998DC980041E8A5 /* X509Wrapper.swift */,
				BB0F45522998DCC20041E8A5 /* DataGroupHashes.swift */,
				BB0F45542998DD390041E8A5 /* DataGroup1.swift */,
				BB0F45562998DD420041E8A5 /* DataGroup15.swift */,
				BB0F45582998DD830041E8A5 /* OpenSSLUtils.swift */,
				BB0F455A2998DD9A0041E8A5 /* SOD.swift */,
				BB0F455C2998DDB40041E8A5 /* DataGroupParser.swift */,
				BB0F455E2998DDCC0041E8A5 /* DataGroup2.swift */,
				BB0F45602998DDEF0041E8A5 /* DataGroup7.swift */,
				BB0F45622998DE060041E8A5 /* NotImplementedDG.swift */,
				BB0F45642998DE190041E8A5 /* DataGroup12.swift */,
				BB0F45662998DE2C0041E8A5 /* ActiveAuthenticationInfo.swift */,
			);
			path = NFCReaderUtilities;
			sourceTree = "<group>";
		};
		BB46AAE12966B3AB000111C8 = {
			isa = PBXGroup;
			children = (
				BB46AAEC2966B3AB000111C8 /* NFC */,
				BB46AAFE2966B3AD000111C8 /* NFCTests */,
				BB46AB082966B3AD000111C8 /* NFCUITests */,
				BB46AAEB2966B3AB000111C8 /* Products */,
			);
			sourceTree = "<group>";
		};
		BB46AAEB2966B3AB000111C8 /* Products */ = {
			isa = PBXGroup;
			children = (
				BB46AAEA2966B3AB000111C8 /* NFC.app */,
				BB46AAFB2966B3AD000111C8 /* NFCTests.xctest */,
				BB46AB052966B3AD000111C8 /* NFCUITests.xctest */,
			);
			name = Products;
			sourceTree = "<group>";
		};
		BB46AAEC2966B3AB000111C8 /* NFC */ = {
			isa = PBXGroup;
			children = (
				BB0F456A299918C60041E8A5 /* Info.plist */,
				BB0F45222998CDF70041E8A5 /* NFCReaderUtilities */,
				BB46AAED2966B3AB000111C8 /* NFCApp.swift */,
				BB46AAF12966B3AD000111C8 /* Assets.xcassets */,
				BB46AAF42966B3AD000111C8 /* Preview Content */,
				BB46AB182966B55E000111C8 /* PassportReader.swift */,
				BB46AB1A2966B56B000111C8 /* CardListView.swift */,
				BBE270F6297DBE4A00A6EE1A /* TagReader.swift */,
				BB0F451E2994354F0041E8A5 /* NFCPassportModel.swift */,
				BB0F4520299435970041E8A5 /* Logging.swift */,
				BB0F4568299911F30041E8A5 /* CardListViewModel.swift */,
			);
			path = NFC;
			sourceTree = "<group>";
		};
		BB46AAF42966B3AD000111C8 /* Preview Content */ = {
			isa = PBXGroup;
			children = (
				BB46AAF52966B3AD000111C8 /* Preview Assets.xcassets */,
			);
			path = "Preview Content";
			sourceTree = "<group>";
		};
		BB46AAFE2966B3AD000111C8 /* NFCTests */ = {
			isa = PBXGroup;
			children = (
				BB46AAFF2966B3AD000111C8 /* NFCTests.swift */,
			);
			path = NFCTests;
			sourceTree = "<group>";
		};
		BB46AB082966B3AD000111C8 /* NFCUITests */ = {
			isa = PBXGroup;
			children = (
				BB46AB092966B3AD000111C8 /* NFCUITests.swift */,
				BB46AB0B2966B3AD000111C8 /* NFCUITestsLaunchTests.swift */,
			);
			path = NFCUITests;
			sourceTree = "<group>";
		};
/* End PBXGroup section */

/* Begin PBXNativeTarget section */
		BB46AAE92966B3AB000111C8 /* NFC */ = {
			isa = PBXNativeTarget;
			buildConfigurationList = BB46AB0F2966B3AD000111C8 /* Build configuration list for PBXNativeTarget "NFC" */;
			buildPhases = (
				BB46AAE62966B3AB000111C8 /* Sources */,
				BB46AAE72966B3AB000111C8 /* Frameworks */,
				BB46AAE82966B3AB000111C8 /* Resources */,
			);
			buildRules = (
			);
			dependencies = (
			);
			name = NFC;
			packageProductDependencies = (
				BB0F453C2998DA030041E8A5 /* OpenSSL */,
			);
			productName = NFC;
			productReference = BB46AAEA2966B3AB000111C8 /* NFC.app */;
			productType = "com.apple.product-type.application";
		};
		BB46AAFA2966B3AD000111C8 /* NFCTests */ = {
			isa = PBXNativeTarget;
			buildConfigurationList = BB46AB122966B3AD000111C8 /* Build configuration list for PBXNativeTarget "NFCTests" */;
			buildPhases = (
				BB46AAF72966B3AD000111C8 /* Sources */,
				BB46AAF82966B3AD000111C8 /* Frameworks */,
				BB46AAF92966B3AD000111C8 /* Resources */,
			);
			buildRules = (
			);
			dependencies = (
				BB46AAFD2966B3AD000111C8 /* PBXTargetDependency */,
			);
			name = NFCTests;
			productName = NFCTests;
			productReference = BB46AAFB2966B3AD000111C8 /* NFCTests.xctest */;
			productType = "com.apple.product-type.bundle.unit-test";
		};
		BB46AB042966B3AD000111C8 /* NFCUITests */ = {
			isa = PBXNativeTarget;
			buildConfigurationList = BB46AB152966B3AD000111C8 /* Build configuration list for PBXNativeTarget "NFCUITests" */;
			buildPhases = (
				BB46AB012966B3AD000111C8 /* Sources */,
				BB46AB022966B3AD000111C8 /* Frameworks */,
				BB46AB032966B3AD000111C8 /* Resources */,
			);
			buildRules = (
			);
			dependencies = (
				BB46AB072966B3AD000111C8 /* PBXTargetDependency */,
			);
			name = NFCUITests;
			productName = NFCUITests;
			productReference = BB46AB052966B3AD000111C8 /* NFCUITests.xctest */;
			productType = "com.apple.product-type.bundle.ui-testing";
		};
/* End PBXNativeTarget section */

/* Begin PBXProject section */
		BB46AAE22966B3AB000111C8 /* Project object */ = {
			isa = PBXProject;
			attributes = {
				BuildIndependentTargetsInParallel = 1;
				LastSwiftUpdateCheck = 1420;
				LastUpgradeCheck = 1420;
				TargetAttributes = {
					BB46AAE92966B3AB000111C8 = {
						CreatedOnToolsVersion = 14.2;
					};
					BB46AAFA2966B3AD000111C8 = {
						CreatedOnToolsVersion = 14.2;
						TestTargetID = BB46AAE92966B3AB000111C8;
					};
					BB46AB042966B3AD000111C8 = {
						CreatedOnToolsVersion = 14.2;
						TestTargetID = BB46AAE92966B3AB000111C8;
					};
				};
			};
			buildConfigurationList = BB46AAE52966B3AB000111C8 /* Build configuration list for PBXProject "NFC" */;
			compatibilityVersion = "Xcode 14.0";
			developmentRegion = en;
			hasScannedForEncodings = 0;
			knownRegions = (
				en,
				Base,
			);
			mainGroup = BB46AAE12966B3AB000111C8;
			packageReferences = (
				BB0F453B2998DA030041E8A5 /* XCRemoteSwiftPackageReference "OpenSSL" */,
			);
			productRefGroup = BB46AAEB2966B3AB000111C8 /* Products */;
			projectDirPath = "";
			projectRoot = "";
			targets = (
				BB46AAE92966B3AB000111C8 /* NFC */,
				BB46AAFA2966B3AD000111C8 /* NFCTests */,
				BB46AB042966B3AD000111C8 /* NFCUITests */,
			);
		};
/* End PBXProject section */

/* Begin PBXResourcesBuildPhase section */
		BB46AAE82966B3AB000111C8 /* Resources */ = {
			isa = PBXResourcesBuildPhase;
			buildActionMask = 2147483647;
			files = (
				BB46AAF62966B3AD000111C8 /* Preview Assets.xcassets in Resources */,
				BB46AAF22966B3AD000111C8 /* Assets.xcassets in Resources */,
			);
			runOnlyForDeploymentPostprocessing = 0;
		};
		BB46AAF92966B3AD000111C8 /* Resources */ = {
			isa = PBXResourcesBuildPhase;
			buildActionMask = 2147483647;
			files = (
			);
			runOnlyForDeploymentPostprocessing = 0;
		};
		BB46AB032966B3AD000111C8 /* Resources */ = {
			isa = PBXResourcesBuildPhase;
			buildActionMask = 2147483647;
			files = (
			);
			runOnlyForDeploymentPostprocessing = 0;
		};
/* End PBXResourcesBuildPhase section */

/* Begin PBXSourcesBuildPhase section */
		BB46AAE62966B3AB000111C8 /* Sources */ = {
			isa = PBXSourcesBuildPhase;
			buildActionMask = 2147483647;
			files = (
				BB0F455B2998DD9A0041E8A5 /* SOD.swift in Sources */,
				BB0F45262998CE3F0041E8A5 /* DataGroupId.swift in Sources */,
				BB0F45652998DE190041E8A5 /* DataGroup12.swift in Sources */,
				BB46AAEE2966B3AB000111C8 /* NFCApp.swift in Sources */,
				BB0F45592998DD830041E8A5 /* OpenSSLUtils.swift in Sources */,
				BB0F45342998D22F0041E8A5 /* SecureMessagingSessionKeyGenerator.swift in Sources */,
				BB0F4521299435970041E8A5 /* Logging.swift in Sources */,
				BB0F452C2998D0BF0041E8A5 /* NFCDisplayMessage.swift in Sources */,
				BB0F45672998DE2C0041E8A5 /* ActiveAuthenticationInfo.swift in Sources */,
				BB0F45452998DBBD0041E8A5 /* SecurityInfo.swift in Sources */,
				BB0F45532998DCC20041E8A5 /* DataGroupHashes.swift in Sources */,
				BB0F45552998DD390041E8A5 /* DataGroup1.swift in Sources */,
				BB0F451F2994354F0041E8A5 /* NFCPassportModel.swift in Sources */,
				BB0F45572998DD420041E8A5 /* DataGroup15.swift in Sources */,
				BB0F45512998DC980041E8A5 /* X509Wrapper.swift in Sources */,
				BB0F453A2998D9360041E8A5 /* ChipAuthenticationHandler.swift in Sources */,
				BB0F45472998DC0A0041E8A5 /* ASN1Item.swift in Sources */,
				BB0F452E2998D0F30041E8A5 /* DataGroup11.swift in Sources */,
				BB0F45432998DB320041E8A5 /* PACEInfo.swift in Sources */,
				BB0F45382998D2790041E8A5 /* ResponseAPDU.swift in Sources */,
				BB0F4569299911F30041E8A5 /* CardListViewModel.swift in Sources */,
				BBE270F7297DBE4A00A6EE1A /* TagReader.swift in Sources */,
				BB0F453F2998DA6D0041E8A5 /* PACEHandler.swift in Sources */,
				BB0F45362998D25B0041E8A5 /* 3DES_DESEncryption.swift in Sources */,
				BB0F452A2998D0800041E8A5 /* Utils.swift in Sources */,
				BB46AB1B2966B56B000111C8 /* CardListView.swift in Sources */,
				BB0F45282998D0290041E8A5 /* NFCPassportReaderError.swift in Sources */,
				BB0F45412998DA8E0041E8A5 /* CardAccess.swift in Sources */,
				BB0F45612998DDEF0041E8A5 /* DataGroup7.swift in Sources */,
				BB0F45302998D1EC0041E8A5 /* SecureMessaging.swift in Sources */,
				BB0F455D2998DDB40041E8A5 /* DataGroupParser.swift in Sources */,
				BB0F454B2998DC3D0041E8A5 /* ChipAuthenticationPublicKeyInfo.swift in Sources */,
				BB0F454D2998DC560041E8A5 /* COM.swift in Sources */,
				BB0F45632998DE060041E8A5 /* NotImplementedDG.swift in Sources */,
				BB0F45322998D2060041E8A5 /* BACHandler.swift in Sources */,
				BB0F454F2998DC760041E8A5 /* DataGroup14.swift in Sources */,
				BB0F45242998CE0B0041E8A5 /* DataGroup.swift in Sources */,
				BB0F455F2998DDCC0041E8A5 /* DataGroup2.swift in Sources */,
				BB46AB192966B55E000111C8 /* PassportReader.swift in Sources */,
				BB0F45492998DC220041E8A5 /* ChipAuthenticationInfo.swift in Sources */,
			);
			runOnlyForDeploymentPostprocessing = 0;
		};
		BB46AAF72966B3AD000111C8 /* Sources */ = {
			isa = PBXSourcesBuildPhase;
			buildActionMask = 2147483647;
			files = (
				BB46AB002966B3AD000111C8 /* NFCTests.swift in Sources */,
			);
			runOnlyForDeploymentPostprocessing = 0;
		};
		BB46AB012966B3AD000111C8 /* Sources */ = {
			isa = PBXSourcesBuildPhase;
			buildActionMask = 2147483647;
			files = (
				BB46AB0C2966B3AD000111C8 /* NFCUITestsLaunchTests.swift in Sources */,
				BB46AB0A2966B3AD000111C8 /* NFCUITests.swift in Sources */,
			);
			runOnlyForDeploymentPostprocessing = 0;
		};
/* End PBXSourcesBuildPhase section */

/* Begin PBXTargetDependency section */
		BB46AAFD2966B3AD000111C8 /* PBXTargetDependency */ = {
			isa = PBXTargetDependency;
			target = BB46AAE92966B3AB000111C8 /* NFC */;
			targetProxy = BB46AAFC2966B3AD000111C8 /* PBXContainerItemProxy */;
		};
		BB46AB072966B3AD000111C8 /* PBXTargetDependency */ = {
			isa = PBXTargetDependency;
			target = BB46AAE92966B3AB000111C8 /* NFC */;
			targetProxy = BB46AB062966B3AD000111C8 /* PBXContainerItemProxy */;
		};
/* End PBXTargetDependency section */

/* Begin XCBuildConfiguration section */
		BB46AB0D2966B3AD000111C8 /* Debug */ = {
			isa = XCBuildConfiguration;
			buildSettings = {
				ALWAYS_SEARCH_USER_PATHS = NO;
				CLANG_ANALYZER_NONNULL = YES;
				CLANG_ANALYZER_NUMBER_OBJECT_CONVERSION = YES_AGGRESSIVE;
				CLANG_CXX_LANGUAGE_STANDARD = "gnu++20";
				CLANG_ENABLE_MODULES = YES;
				CLANG_ENABLE_OBJC_ARC = YES;
				CLANG_ENABLE_OBJC_WEAK = YES;
				CLANG_WARN_BLOCK_CAPTURE_AUTORELEASING = YES;
				CLANG_WARN_BOOL_CONVERSION = YES;
				CLANG_WARN_COMMA = YES;
				CLANG_WARN_CONSTANT_CONVERSION = YES;
				CLANG_WARN_DEPRECATED_OBJC_IMPLEMENTATIONS = YES;
				CLANG_WARN_DIRECT_OBJC_ISA_USAGE = YES_ERROR;
				CLANG_WARN_DOCUMENTATION_COMMENTS = YES;
				CLANG_WARN_EMPTY_BODY = YES;
				CLANG_WARN_ENUM_CONVERSION = YES;
				CLANG_WARN_INFINITE_RECURSION = YES;
				CLANG_WARN_INT_CONVERSION = YES;
				CLANG_WARN_NON_LITERAL_NULL_CONVERSION = YES;
				CLANG_WARN_OBJC_IMPLICIT_RETAIN_SELF = YES;
				CLANG_WARN_OBJC_LITERAL_CONVERSION = YES;
				CLANG_WARN_OBJC_ROOT_CLASS = YES_ERROR;
				CLANG_WARN_QUOTED_INCLUDE_IN_FRAMEWORK_HEADER = YES;
				CLANG_WARN_RANGE_LOOP_ANALYSIS = YES;
				CLANG_WARN_STRICT_PROTOTYPES = YES;
				CLANG_WARN_SUSPICIOUS_MOVE = YES;
				CLANG_WARN_UNGUARDED_AVAILABILITY = YES_AGGRESSIVE;
				CLANG_WARN_UNREACHABLE_CODE = YES;
				CLANG_WARN__DUPLICATE_METHOD_MATCH = YES;
				COPY_PHASE_STRIP = NO;
				DEBUG_INFORMATION_FORMAT = dwarf;
				ENABLE_STRICT_OBJC_MSGSEND = YES;
				ENABLE_TESTABILITY = YES;
				GCC_C_LANGUAGE_STANDARD = gnu11;
				GCC_DYNAMIC_NO_PIC = NO;
				GCC_NO_COMMON_BLOCKS = YES;
				GCC_OPTIMIZATION_LEVEL = 0;
				GCC_PREPROCESSOR_DEFINITIONS = (
					"DEBUG=1",
					"$(inherited)",
				);
				GCC_WARN_64_TO_32_BIT_CONVERSION = YES;
				GCC_WARN_ABOUT_RETURN_TYPE = YES_ERROR;
				GCC_WARN_UNDECLARED_SELECTOR = YES;
				GCC_WARN_UNINITIALIZED_AUTOS = YES_AGGRESSIVE;
				GCC_WARN_UNUSED_FUNCTION = YES;
				GCC_WARN_UNUSED_VARIABLE = YES;
				MTL_ENABLE_DEBUG_INFO = INCLUDE_SOURCE;
				MTL_FAST_MATH = YES;
				ONLY_ACTIVE_ARCH = YES;
				SWIFT_ACTIVE_COMPILATION_CONDITIONS = DEBUG;
				SWIFT_OPTIMIZATION_LEVEL = "-Onone";
			};
			name = Debug;
		};
		BB46AB0E2966B3AD000111C8 /* Release */ = {
			isa = XCBuildConfiguration;
			buildSettings = {
				ALWAYS_SEARCH_USER_PATHS = NO;
				CLANG_ANALYZER_NONNULL = YES;
				CLANG_ANALYZER_NUMBER_OBJECT_CONVERSION = YES_AGGRESSIVE;
				CLANG_CXX_LANGUAGE_STANDARD = "gnu++20";
				CLANG_ENABLE_MODULES = YES;
				CLANG_ENABLE_OBJC_ARC = YES;
				CLANG_ENABLE_OBJC_WEAK = YES;
				CLANG_WARN_BLOCK_CAPTURE_AUTORELEASING = YES;
				CLANG_WARN_BOOL_CONVERSION = YES;
				CLANG_WARN_COMMA = YES;
				CLANG_WARN_CONSTANT_CONVERSION = YES;
				CLANG_WARN_DEPRECATED_OBJC_IMPLEMENTATIONS = YES;
				CLANG_WARN_DIRECT_OBJC_ISA_USAGE = YES_ERROR;
				CLANG_WARN_DOCUMENTATION_COMMENTS = YES;
				CLANG_WARN_EMPTY_BODY = YES;
				CLANG_WARN_ENUM_CONVERSION = YES;
				CLANG_WARN_INFINITE_RECURSION = YES;
				CLANG_WARN_INT_CONVERSION = YES;
				CLANG_WARN_NON_LITERAL_NULL_CONVERSION = YES;
				CLANG_WARN_OBJC_IMPLICIT_RETAIN_SELF = YES;
				CLANG_WARN_OBJC_LITERAL_CONVERSION = YES;
				CLANG_WARN_OBJC_ROOT_CLASS = YES_ERROR;
				CLANG_WARN_QUOTED_INCLUDE_IN_FRAMEWORK_HEADER = YES;
				CLANG_WARN_RANGE_LOOP_ANALYSIS = YES;
				CLANG_WARN_STRICT_PROTOTYPES = YES;
				CLANG_WARN_SUSPICIOUS_MOVE = YES;
				CLANG_WARN_UNGUARDED_AVAILABILITY = YES_AGGRESSIVE;
				CLANG_WARN_UNREACHABLE_CODE = YES;
				CLANG_WARN__DUPLICATE_METHOD_MATCH = YES;
				COPY_PHASE_STRIP = NO;
				DEBUG_INFORMATION_FORMAT = "dwarf-with-dsym";
				ENABLE_NS_ASSERTIONS = NO;
				ENABLE_STRICT_OBJC_MSGSEND = YES;
				GCC_C_LANGUAGE_STANDARD = gnu11;
				GCC_NO_COMMON_BLOCKS = YES;
				GCC_WARN_64_TO_32_BIT_CONVERSION = YES;
				GCC_WARN_ABOUT_RETURN_TYPE = YES_ERROR;
				GCC_WARN_UNDECLARED_SELECTOR = YES;
				GCC_WARN_UNINITIALIZED_AUTOS = YES_AGGRESSIVE;
				GCC_WARN_UNUSED_FUNCTION = YES;
				GCC_WARN_UNUSED_VARIABLE = YES;
				MTL_ENABLE_DEBUG_INFO = NO;
				MTL_FAST_MATH = YES;
				SWIFT_COMPILATION_MODE = wholemodule;
				SWIFT_OPTIMIZATION_LEVEL = "-O";
			};
			name = Release;
		};
		BB46AB102966B3AD000111C8 /* Debug */ = {
			isa = XCBuildConfiguration;
			buildSettings = {
				ASSETCATALOG_COMPILER_APPICON_NAME = AppIcon;
				ASSETCATALOG_COMPILER_GLOBAL_ACCENT_COLOR_NAME = AccentColor;
				CODE_SIGN_ENTITLEMENTS = NFC/NFC.entitlements;
				CODE_SIGN_STYLE = Automatic;
				CURRENT_PROJECT_VERSION = 1;
				DEVELOPMENT_ASSET_PATHS = "\"NFC/Preview Content\"";
				DEVELOPMENT_TEAM = 9M7T2U5Z6C;
				ENABLE_HARDENED_RUNTIME = YES;
				ENABLE_PREVIEWS = YES;
				GENERATE_INFOPLIST_FILE = YES;
				INFOPLIST_FILE = NFC/Info.plist;
				INFOPLIST_KEY_NFCReaderUsageDescription = "NFC usage permission is necessary for this application.";
				"INFOPLIST_KEY_UIApplicationSceneManifest_Generation[sdk=iphoneos*]" = YES;
				"INFOPLIST_KEY_UIApplicationSceneManifest_Generation[sdk=iphonesimulator*]" = YES;
				"INFOPLIST_KEY_UIApplicationSupportsIndirectInputEvents[sdk=iphoneos*]" = YES;
				"INFOPLIST_KEY_UIApplicationSupportsIndirectInputEvents[sdk=iphonesimulator*]" = YES;
				"INFOPLIST_KEY_UILaunchScreen_Generation[sdk=iphoneos*]" = YES;
				"INFOPLIST_KEY_UILaunchScreen_Generation[sdk=iphonesimulator*]" = YES;
				"INFOPLIST_KEY_UIStatusBarStyle[sdk=iphoneos*]" = UIStatusBarStyleDefault;
				"INFOPLIST_KEY_UIStatusBarStyle[sdk=iphonesimulator*]" = UIStatusBarStyleDefault;
				INFOPLIST_KEY_UISupportedInterfaceOrientations = UIInterfaceOrientationPortrait;
				IPHONEOS_DEPLOYMENT_TARGET = 16.2;
				LD_RUNPATH_SEARCH_PATHS = "@executable_path/Frameworks";
				"LD_RUNPATH_SEARCH_PATHS[sdk=macosx*]" = "@executable_path/../Frameworks";
				MACOSX_DEPLOYMENT_TARGET = 13.0;
				MARKETING_VERSION = 1.0;
				PRODUCT_BUNDLE_IDENTIFIER = exmav10.NFC;
				PRODUCT_NAME = "$(TARGET_NAME)";
				SDKROOT = auto;
				SUPPORTED_PLATFORMS = "iphoneos iphonesimulator macosx";
				SWIFT_EMIT_LOC_STRINGS = YES;
				SWIFT_VERSION = 5.0;
				TARGETED_DEVICE_FAMILY = "1,2";
			};
			name = Debug;
		};
		BB46AB112966B3AD000111C8 /* Release */ = {
			isa = XCBuildConfiguration;
			buildSettings = {
				ASSETCATALOG_COMPILER_APPICON_NAME = AppIcon;
				ASSETCATALOG_COMPILER_GLOBAL_ACCENT_COLOR_NAME = AccentColor;
				CODE_SIGN_ENTITLEMENTS = NFC/NFC.entitlements;
				CODE_SIGN_STYLE = Automatic;
				CURRENT_PROJECT_VERSION = 1;
				DEVELOPMENT_ASSET_PATHS = "\"NFC/Preview Content\"";
				DEVELOPMENT_TEAM = 9M7T2U5Z6C;
				ENABLE_HARDENED_RUNTIME = YES;
				ENABLE_PREVIEWS = YES;
				GENERATE_INFOPLIST_FILE = YES;
				INFOPLIST_FILE = NFC/Info.plist;
				INFOPLIST_KEY_NFCReaderUsageDescription = "NFC usage permission is necessary for this application.";
				"INFOPLIST_KEY_UIApplicationSceneManifest_Generation[sdk=iphoneos*]" = YES;
				"INFOPLIST_KEY_UIApplicationSceneManifest_Generation[sdk=iphonesimulator*]" = YES;
				"INFOPLIST_KEY_UIApplicationSupportsIndirectInputEvents[sdk=iphoneos*]" = YES;
				"INFOPLIST_KEY_UIApplicationSupportsIndirectInputEvents[sdk=iphonesimulator*]" = YES;
				"INFOPLIST_KEY_UILaunchScreen_Generation[sdk=iphoneos*]" = YES;
				"INFOPLIST_KEY_UILaunchScreen_Generation[sdk=iphonesimulator*]" = YES;
				"INFOPLIST_KEY_UIStatusBarStyle[sdk=iphoneos*]" = UIStatusBarStyleDefault;
				"INFOPLIST_KEY_UIStatusBarStyle[sdk=iphonesimulator*]" = UIStatusBarStyleDefault;
				INFOPLIST_KEY_UISupportedInterfaceOrientations = UIInterfaceOrientationPortrait;
				IPHONEOS_DEPLOYMENT_TARGET = 16.2;
				LD_RUNPATH_SEARCH_PATHS = "@executable_path/Frameworks";
				"LD_RUNPATH_SEARCH_PATHS[sdk=macosx*]" = "@executable_path/../Frameworks";
				MACOSX_DEPLOYMENT_TARGET = 13.0;
				MARKETING_VERSION = 1.0;
				PRODUCT_BUNDLE_IDENTIFIER = exmav10.NFC;
				PRODUCT_NAME = "$(TARGET_NAME)";
				SDKROOT = auto;
				SUPPORTED_PLATFORMS = "iphoneos iphonesimulator macosx";
				SWIFT_EMIT_LOC_STRINGS = YES;
				SWIFT_VERSION = 5.0;
				TARGETED_DEVICE_FAMILY = "1,2";
			};
			name = Release;
		};
		BB46AB132966B3AD000111C8 /* Debug */ = {
			isa = XCBuildConfiguration;
			buildSettings = {
				ALWAYS_EMBED_SWIFT_STANDARD_LIBRARIES = YES;
				BUNDLE_LOADER = "$(TEST_HOST)";
				CODE_SIGN_STYLE = Automatic;
				CURRENT_PROJECT_VERSION = 1;
				DEVELOPMENT_TEAM = 9M7T2U5Z6C;
				GENERATE_INFOPLIST_FILE = YES;
				IPHONEOS_DEPLOYMENT_TARGET = 16.2;
				MACOSX_DEPLOYMENT_TARGET = 13.0;
				MARKETING_VERSION = 1.0;
				PRODUCT_BUNDLE_IDENTIFIER = exmav10.NFCTests;
				PRODUCT_NAME = "$(TARGET_NAME)";
				SDKROOT = auto;
				SUPPORTED_PLATFORMS = "iphoneos iphonesimulator macosx";
				SWIFT_EMIT_LOC_STRINGS = NO;
				SWIFT_VERSION = 5.0;
				TARGETED_DEVICE_FAMILY = "1,2";
				TEST_HOST = "$(BUILT_PRODUCTS_DIR)/NFC.app/$(BUNDLE_EXECUTABLE_FOLDER_PATH)/NFC";
			};
			name = Debug;
		};
		BB46AB142966B3AD000111C8 /* Release */ = {
			isa = XCBuildConfiguration;
			buildSettings = {
				ALWAYS_EMBED_SWIFT_STANDARD_LIBRARIES = YES;
				BUNDLE_LOADER = "$(TEST_HOST)";
				CODE_SIGN_STYLE = Automatic;
				CURRENT_PROJECT_VERSION = 1;
				DEVELOPMENT_TEAM = 9M7T2U5Z6C;
				GENERATE_INFOPLIST_FILE = YES;
				IPHONEOS_DEPLOYMENT_TARGET = 16.2;
				MACOSX_DEPLOYMENT_TARGET = 13.0;
				MARKETING_VERSION = 1.0;
				PRODUCT_BUNDLE_IDENTIFIER = exmav10.NFCTests;
				PRODUCT_NAME = "$(TARGET_NAME)";
				SDKROOT = auto;
				SUPPORTED_PLATFORMS = "iphoneos iphonesimulator macosx";
				SWIFT_EMIT_LOC_STRINGS = NO;
				SWIFT_VERSION = 5.0;
				TARGETED_DEVICE_FAMILY = "1,2";
				TEST_HOST = "$(BUILT_PRODUCTS_DIR)/NFC.app/$(BUNDLE_EXECUTABLE_FOLDER_PATH)/NFC";
			};
			name = Release;
		};
		BB46AB162966B3AD000111C8 /* Debug */ = {
			isa = XCBuildConfiguration;
			buildSettings = {
				ALWAYS_EMBED_SWIFT_STANDARD_LIBRARIES = YES;
				CODE_SIGN_STYLE = Automatic;
				CURRENT_PROJECT_VERSION = 1;
				DEVELOPMENT_TEAM = 9M7T2U5Z6C;
				GENERATE_INFOPLIST_FILE = YES;
				IPHONEOS_DEPLOYMENT_TARGET = 16.2;
				MACOSX_DEPLOYMENT_TARGET = 13.0;
				MARKETING_VERSION = 1.0;
				PRODUCT_BUNDLE_IDENTIFIER = exmav10.NFCUITests;
				PRODUCT_NAME = "$(TARGET_NAME)";
				SDKROOT = auto;
				SUPPORTED_PLATFORMS = "iphoneos iphonesimulator macosx";
				SWIFT_EMIT_LOC_STRINGS = NO;
				SWIFT_VERSION = 5.0;
				TARGETED_DEVICE_FAMILY = "1,2";
				TEST_TARGET_NAME = NFC;
			};
			name = Debug;
		};
		BB46AB172966B3AD000111C8 /* Release */ = {
			isa = XCBuildConfiguration;
			buildSettings = {
				ALWAYS_EMBED_SWIFT_STANDARD_LIBRARIES = YES;
				CODE_SIGN_STYLE = Automatic;
				CURRENT_PROJECT_VERSION = 1;
				DEVELOPMENT_TEAM = 9M7T2U5Z6C;
				GENERATE_INFOPLIST_FILE = YES;
				IPHONEOS_DEPLOYMENT_TARGET = 16.2;
				MACOSX_DEPLOYMENT_TARGET = 13.0;
				MARKETING_VERSION = 1.0;
				PRODUCT_BUNDLE_IDENTIFIER = exmav10.NFCUITests;
				PRODUCT_NAME = "$(TARGET_NAME)";
				SDKROOT = auto;
				SUPPORTED_PLATFORMS = "iphoneos iphonesimulator macosx";
				SWIFT_EMIT_LOC_STRINGS = NO;
				SWIFT_VERSION = 5.0;
				TARGETED_DEVICE_FAMILY = "1,2";
				TEST_TARGET_NAME = NFC;
			};
			name = Release;
		};
/* End XCBuildConfiguration section */

/* Begin XCConfigurationList section */
		BB46AAE52966B3AB000111C8 /* Build configuration list for PBXProject "NFC" */ = {
			isa = XCConfigurationList;
			buildConfigurations = (
				BB46AB0D2966B3AD000111C8 /* Debug */,
				BB46AB0E2966B3AD000111C8 /* Release */,
			);
			defaultConfigurationIsVisible = 0;
			defaultConfigurationName = Release;
		};
		BB46AB0F2966B3AD000111C8 /* Build configuration list for PBXNativeTarget "NFC" */ = {
			isa = XCConfigurationList;
			buildConfigurations = (
				BB46AB102966B3AD000111C8 /* Debug */,
				BB46AB112966B3AD000111C8 /* Release */,
			);
			defaultConfigurationIsVisible = 0;
			defaultConfigurationName = Release;
		};
		BB46AB122966B3AD000111C8 /* Build configuration list for PBXNativeTarget "NFCTests" */ = {
			isa = XCConfigurationList;
			buildConfigurations = (
				BB46AB132966B3AD000111C8 /* Debug */,
				BB46AB142966B3AD000111C8 /* Release */,
			);
			defaultConfigurationIsVisible = 0;
			defaultConfigurationName = Release;
		};
		BB46AB152966B3AD000111C8 /* Build configuration list for PBXNativeTarget "NFCUITests" */ = {
			isa = XCConfigurationList;
			buildConfigurations = (
				BB46AB162966B3AD000111C8 /* Debug */,
				BB46AB172966B3AD000111C8 /* Release */,
			);
			defaultConfigurationIsVisible = 0;
			defaultConfigurationName = Release;
		};
/* End XCConfigurationList section */

/* Begin XCRemoteSwiftPackageReference section */
		BB0F453B2998DA030041E8A5 /* XCRemoteSwiftPackageReference "OpenSSL" */ = {
			isa = XCRemoteSwiftPackageReference;
			repositoryURL = "https://github.com/krzyzanowskim/OpenSSL.git";
			requirement = {
				kind = upToNextMajorVersion;
				minimumVersion = 1.0.0;
			};
		};
/* End XCRemoteSwiftPackageReference section */

/* Begin XCSwiftPackageProductDependency section */
		BB0F453C2998DA030041E8A5 /* OpenSSL */ = {
			isa = XCSwiftPackageProductDependency;
			package = BB0F453B2998DA030041E8A5 /* XCRemoteSwiftPackageReference "OpenSSL" */;
			productName = OpenSSL;
		};
/* End XCSwiftPackageProductDependency section */
	};
	rootObject = BB46AAE22966B3AB000111C8 /* Project object */;
}
